{
  "object": {
    "pins": [
      {
        "package": "Alamofire",
        "repositoryURL": "https://github.com/Alamofire/Alamofire",
        "state": {
          "branch": null,
          "revision": "eaf6e622dd41b07b251d8f01752eab31bc811493",
          "version": "5.4.1"
        }
      },
      {
        "package": "Eureka",
        "repositoryURL": "https://github.com/xmartlabs/Eureka.git",
        "state": {
          "branch": null,
          "revision": "81f3ea3d69dc99f8684b8bce1224908e101c679f",
          "version": "5.3.2"
        }
      },
      {
        "package": "OHHTTPStubs",
        "repositoryURL": "https://github.com/AliSoftware/OHHTTPStubs.git",
        "state": {
          "branch": null,
          "revision": "12f19662426d0434d6c330c6974d53e2eb10ecd9",
          "version": "9.1.0"
        }
      },
      {
        "package": "RxAlamofire",
        "repositoryURL": "https://github.com/RxSwiftCommunity/RxAlamofire",
        "state": {
          "branch": null,
          "revision": "8e2b77b1e8693c29e31d5817cf645aca670a2ff5",
          "version": "6.1.1"
        }
      },
      {
        "package": "RxSwift",
        "repositoryURL": "https://github.com/ReactiveX/RxSwift",
        "state": {
          "branch": null,
          "revision": "7e01c05f25c025143073eaa3be3532f9375c614b",
          "version": "6.1.0"
        }
      },
      {
        "package": "SnapKit",
        "repositoryURL": "https://github.com/SnapKit/SnapKit",
        "state": {
          "branch": null,
          "revision": "d458564516e5676af9c70b4f4b2a9178294f1bc6",
          "version": "5.0.1"
        }
      },
      {
        "package": "SuggestionRow",
        "repositoryURL": "https://github.com/EurekaCommunity/SuggestionRow",
        "state": {
          "branch": null,
          "revision": "3786f5054ff899f0ea877bf59491264e775999a8",
          "version": "3.2.0"
        }
      }
    ]
  },
  "version": 1
}
